
Microsoft Visual Studio Solution File, Format Version 12.00
# Visual Studio Version 17
VisualStudioVersion = 17.14.36623.8 d17.14
MinimumVisualStudioVersion = 10.0.40219.1
Project("{FAE04EC0-301F-11D3-BF4B-00C04F79EFBC}") = "WindowsFormsApp1", "WindowsFormsApp1.csproj", "{06AC4028-387B-4C9F-A53C-B4A32AA07DBC}"
EndProject
Global
	GlobalSection(SolutionConfigurationPlatforms) = preSolution
		Debug|Any CPU = Debug|Any CPU
		Release|Any CPU = Release|Any CPU
	EndGlobalSection
	GlobalSection(ProjectConfigurationPlatforms) = postSolution
		{06AC4028-387B-4C9F-A53C-B4A32AA07DBC}.Debug|Any CPU.ActiveCfg = Debug|Any CPU
		{06AC4028-387B-4C9F-A53C-B4A32AA07DBC}.Debug|Any CPU.Build.0 = Debug|Any CPU
		{06AC4028-387B-4C9F-A53C-B4A32AA07DBC}.Release|Any CPU.ActiveCfg = Release|Any CPU
		{06AC4028-387B-4C9F-A53C-B4A32AA07DBC}.Release|Any CPU.Build.0 = Release|Any CPU
	EndGlobalSection
	GlobalSection(SolutionProperties) = preSolution
		HideSolutionNode = FALSE
	EndGlobalSection
	GlobalSection(ExtensibilityGlobals) = postSolution
		SolutionGuid = {E757FEB1-DD44-4F05-9C1B-43DD82F95F2B}
	EndGlobalSection
EndGlobal
